
Microsoft Visual Studio Solution File, Format Version 12.00
# Visual Studio 15
VisualStudioVersion = 15.0.28307.271
MinimumVisualStudioVersion = 10.0.40219.1
Project("{FAE04EC0-301F-11D3-BF4B-00C04F79EFBC}") = "TestNetCoreController", "TestNetCoreController\TestNetCoreController.csproj", "{E3521D33-8B48-47E6-8E76-A052258D9DD5}"
EndProject
Project("{FAE04EC0-301F-11D3-BF4B-00C04F79EFBC}") = "MainApp", "MainApp\MainApp.csproj", "{4B0D230B-81EF-4C29-956C-3B877324C961}"
EndProject
Global
	GlobalSection(SolutionConfigurationPlatforms) = preSolution
		Debug|Any CPU = Debug|Any CPU
		Release|Any CPU = Release|Any CPU
	EndGlobalSection
	GlobalSection(ProjectConfigurationPlatforms) = postSolution
		{E3521D33-8B48-47E6-8E76-A052258D9DD5}.Debug|Any CPU.ActiveCfg = Debug|Any CPU
		{E3521D33-8B48-47E6-8E76-A052258D9DD5}.Debug|Any CPU.Build.0 = Debug|Any CPU
		{E3521D33-8B48-47E6-8E76-A052258D9DD5}.Release|Any CPU.ActiveCfg = Release|Any CPU
		{E3521D33-8B48-47E6-8E76-A052258D9DD5}.Release|Any CPU.Build.0 = Release|Any CPU
		{4B0D230B-81EF-4C29-956C-3B877324C961}.Debug|Any CPU.ActiveCfg = Debug|Any CPU
		{4B0D230B-81EF-4C29-956C-3B877324C961}.Debug|Any CPU.Build.0 = Debug|Any CPU
		{4B0D230B-81EF-4C29-956C-3B877324C961}.Release|Any CPU.ActiveCfg = Release|Any CPU
		{4B0D230B-81EF-4C29-956C-3B877324C961}.Release|Any CPU.Build.0 = Release|Any CPU
	EndGlobalSection
	GlobalSection(SolutionProperties) = preSolution
		HideSolutionNode = FALSE
	EndGlobalSection
	GlobalSection(ExtensibilityGlobals) = postSolution
		SolutionGuid = {4EB57294-8216-417F-B007-0FC882EADBD7}
	EndGlobalSection
EndGlobal
